
Microsoft Visual Studio Solution File, Format Version 12.00
# Visual Studio Version 16
VisualStudioVersion = 16.0.29509.3
MinimumVisualStudioVersion = 10.0.40219.1
Project("{9A19103F-16F7-4668-BE54-9A1E7A4F7556}") = "cache_service", "src\cache_service\cache_service.csproj", "{EBCD04B6-1A0C-43B3-B8C6-D2707224691C}"
EndProject
Project("{9A19103F-16F7-4668-BE54-9A1E7A4F7556}") = "unittest", "src\test\unit\unittest.csproj", "{9F8FA987-B8DE-4A25-A067-5ED77E7A3289}"
EndProject
Project("{2150E333-8FDC-42A3-9474-1A3956D46DE8}") = "documentation", "documentation", "{3F8AD253-7022-40EE-A0A3-B9E330DC2F37}"
	ProjectSection(SolutionItems) = preProject
		CLAUDE.md = CLAUDE.md
		README.md = README.md
		REFACTOR.md = REFACTOR.md
	EndProjectSection
EndProject
Global
	GlobalSection(SolutionConfigurationPlatforms) = preSolution
		Debug|Any CPU = Debug|Any CPU
		Release|Any CPU = Release|Any CPU
	EndGlobalSection
	GlobalSection(ProjectConfigurationPlatforms) = postSolution
		{EBCD04B6-1A0C-43B3-B8C6-D2707224691C}.Debug|Any CPU.ActiveCfg = Debug|Any CPU
		{EBCD04B6-1A0C-43B3-B8C6-D2707224691C}.Debug|Any CPU.Build.0 = Debug|Any CPU
		{EBCD04B6-1A0C-43B3-B8C6-D2707224691C}.Release|Any CPU.ActiveCfg = Release|Any CPU
		{EBCD04B6-1A0C-43B3-B8C6-D2707224691C}.Release|Any CPU.Build.0 = Release|Any CPU
		{9F8FA987-B8DE-4A25-A067-5ED77E7A3289}.Debug|Any CPU.ActiveCfg = Debug|Any CPU
		{9F8FA987-B8DE-4A25-A067-5ED77E7A3289}.Debug|Any CPU.Build.0 = Debug|Any CPU
		{9F8FA987-B8DE-4A25-A067-5ED77E7A3289}.Release|Any CPU.ActiveCfg = Release|Any CPU
		{9F8FA987-B8DE-4A25-A067-5ED77E7A3289}.Release|Any CPU.Build.0 = Release|Any CPU
	EndGlobalSection
	GlobalSection(SolutionProperties) = preSolution
		HideSolutionNode = FALSE
	EndGlobalSection
	GlobalSection(ExtensibilityGlobals) = postSolution
		SolutionGuid = {A8E0B689-17FD-4E68-81DB-F2C570F2E5BD}
	EndGlobalSection
EndGlobal
